
Microsoft Visual Studio Solution File, Format Version 12.00
# Visual Studio 14
VisualStudioVersion = 14.0.24720.0
MinimumVisualStudioVersion = 10.0.40219.1
Project("{FAE04EC0-301F-11D3-BF4B-00C04F79EFBC}") = "AngryProfessor", "AngryProfessor.csproj", "{A39F1514-95D9-410E-A434-89703C3ADCDA}"
EndProject
Global
	GlobalSection(SolutionConfigurationPlatforms) = preSolution
		Debug|Any CPU = Debug|Any CPU
		Release|Any CPU = Release|Any CPU
	EndGlobalSection
	GlobalSection(ProjectConfigurationPlatforms) = postSolution
		{A39F1514-95D9-410E-A434-89703C3ADCDA}.Debug|Any CPU.ActiveCfg = Debug|Any CPU
		{A39F1514-95D9-410E-A434-89703C3ADCDA}.Debug|Any CPU.Build.0 = Debug|Any CPU
		{A39F1514-95D9-410E-A434-89703C3ADCDA}.Release|Any CPU.ActiveCfg = Release|Any CPU
		{A39F1514-95D9-410E-A434-89703C3ADCDA}.Release|Any CPU.Build.0 = Release|Any CPU
	EndGlobalSection
	GlobalSection(SolutionProperties) = preSolution
		HideSolutionNode = FALSE
	EndGlobalSection
EndGlobal
